
Microsoft Visual Studio Solution File, Format Version 12.00
# Visual Studio Version 16
VisualStudioVersion = 16.0.29409.12
MinimumVisualStudioVersion = 10.0.40219.1
Project("{FAE04EC0-301F-11D3-BF4B-00C04F79EFBC}") = "3", "3\3.csproj", "{ACEC5042-BEA8-4D72-A677-85849E613DE5}"
EndProject
Global
	GlobalSection(SolutionConfigurationPlatforms) = preSolution
		Debug|Any CPU = Debug|Any CPU
		Release|Any CPU = Release|Any CPU
	EndGlobalSection
	GlobalSection(ProjectConfigurationPlatforms) = postSolution
		{ACEC5042-BEA8-4D72-A677-85849E613DE5}.Debug|Any CPU.ActiveCfg = Debug|Any CPU
		{ACEC5042-BEA8-4D72-A677-85849E613DE5}.Debug|Any CPU.Build.0 = Debug|Any CPU
		{ACEC5042-BEA8-4D72-A677-85849E613DE5}.Release|Any CPU.ActiveCfg = Release|Any CPU
		{ACEC5042-BEA8-4D72-A677-85849E613DE5}.Release|Any CPU.Build.0 = Release|Any CPU
	EndGlobalSection
	GlobalSection(SolutionProperties) = preSolution
		HideSolutionNode = FALSE
	EndGlobalSection
	GlobalSection(ExtensibilityGlobals) = postSolution
		SolutionGuid = {0F1B6D64-C8E1-459F-A750-79E4125E3202}
	EndGlobalSection
EndGlobal
